# @generated by Move, please check-in and do not edit manually.

[move]
version = 2
manifest_digest = "4211012651C8BB51908242E14D385997BDCC64A5A975EAB8ECDDC14A340CAD2D"
deps_digest = "F8BBB0CCB2491CA29A3DF03D6F92277A4F3574266507ACD77214D37ECA3F3082"
dependencies = [
  { name = "Sui" },
]

[[move.package]]
name = "MoveStdlib"
source = { git = "https://github.com/MystenLabs/sui.git", rev = "framework/devnet", subdir = "crates/sui-framework/packages/move-stdlib" }

[[move.package]]
name = "Sui"
source = { git = "https://github.com/MystenLabs/sui.git", rev = "framework/devnet", subdir = "crates/sui-framework/packages/sui-framework" }

dependencies = [
  { name = "MoveStdlib" },
]

[move.toolchain-version]
compiler-version = "1.28.3"
edition = "2024.beta"
flavor = "sui"

[env]

[env.devnet]
chain-id = "39a8ec84"
original-published-id = "0x219e42906f81eb5a847e93b77d88d39c57dce55abbd0e5441777a8a120de7860"
latest-published-id = "0x219e42906f81eb5a847e93b77d88d39c57dce55abbd0e5441777a8a120de7860"
published-version = "1"
